
Microsoft Visual Studio Solution File, Format Version 12.00
# Visual Studio Version 16
VisualStudioVersion = 16.0.29709.97
MinimumVisualStudioVersion = 10.0.40219.1
Project("{FAE04EC0-301F-11D3-BF4B-00C04F79EFBC}") = "WebApplication1", "WebApplication1\WebApplication1.csproj", "{C9504B4A-44C7-4C0D-86F0-223F0B27226F}"
EndProject
Global
	GlobalSection(SolutionConfigurationPlatforms) = preSolution
		Debug|Any CPU = Debug|Any CPU
		Release|Any CPU = Release|Any CPU
	EndGlobalSection
	GlobalSection(ProjectConfigurationPlatforms) = postSolution
		{C9504B4A-44C7-4C0D-86F0-223F0B27226F}.Debug|Any CPU.ActiveCfg = Debug|Any CPU
		{C9504B4A-44C7-4C0D-86F0-223F0B27226F}.Debug|Any CPU.Build.0 = Debug|Any CPU
		{C9504B4A-44C7-4C0D-86F0-223F0B27226F}.Release|Any CPU.ActiveCfg = Release|Any CPU
		{C9504B4A-44C7-4C0D-86F0-223F0B27226F}.Release|Any CPU.Build.0 = Release|Any CPU
	EndGlobalSection
	GlobalSection(SolutionProperties) = preSolution
		HideSolutionNode = FALSE
	EndGlobalSection
	GlobalSection(ExtensibilityGlobals) = postSolution
		SolutionGuid = {506253FB-1AB3-41BD-B811-A23488FB9D27}
	EndGlobalSection
EndGlobal
